// !$*UTF8*$!
{
	archiveVersion = 1;
	classes = {
	};
	objectVersion = 50;
	objects = {

/* Begin PBXBuildFile section */
		F1AE541A20E4CADC00EF1967 /* AppDelegate.m in Sources */ = {isa = PBXBuildFile; fileRef = F1AE541920E4CADC00EF1967 /* AppDelegate.m */; };
		F1AE541D20E4CADC00EF1967 /* ViewController.m in Sources */ = {isa = PBXBuildFile; fileRef = F1AE541C20E4CADC00EF1967 /* ViewController.m */; };
		F1AE541F20E4CADD00EF1967 /* Assets.xcassets in Resources */ = {isa = PBXBuildFile; fileRef = F1AE541E20E4CADD00EF1967 /* Assets.xcassets */; };
		F1AE542220E4CADD00EF1967 /* Main.storyboard in Resources */ = {isa = PBXBuildFile; fileRef = F1AE542020E4CADD00EF1967 /* Main.storyboard */; };
		F1AE542520E4CADD00EF1967 /* main.m in Sources */ = {isa = PBXBuildFile; fileRef = F1AE542420E4CADD00EF1967 /* main.m */; };
/* End PBXBuildFile section */

/* Begin PBXFileReference section */
		F1AE541520E4CADC00EF1967 /* FastModel_Factory.app */ = {isa = PBXFileReference; explicitFileType = wrapper.application; includeInIndex = 0; path = FastModel_Factory.app; sourceTree = BUILT_PRODUCTS_DIR; };
		F1AE541820E4CADC00EF1967 /* AppDelegate.h */ = {isa = PBXFileReference; lastKnownFileType = sourcecode.c.h; path = AppDelegate.h; sourceTree = "<group>"; };
		F1AE541920E4CADC00EF1967 /* AppDelegate.m */ = {isa = PBXFileReference; lastKnownFileType = sourcecode.c.objc; path = AppDelegate.m; sourceTree = "<group>"; };
		F1AE541B20E4CADC00EF1967 /* ViewController.h */ = {isa = PBXFileReference; lastKnownFileType = sourcecode.c.h; path = ViewController.h; sourceTree = "<group>"; };
		F1AE541C20E4CADC00EF1967 /* ViewController.m */ = {isa = PBXFileReference; lastKnownFileType = sourcecode.c.objc; path = ViewController.m; sourceTree = "<group>"; };
		F1AE541E20E4CADD00EF1967 /* Assets.xcassets */ = {isa = PBXFileReference; lastKnownFileType = folder.assetcatalog; path = Assets.xcassets; sourceTree = "<group>"; };
		F1AE542120E4CADD00EF1967 /* Base */ = {isa = PBXFileReference; lastKnownFileType = file.storyboard; name = Base; path = Base.lproj/Main.storyboard; sourceTree = "<group>"; };
		F1AE542320E4CADD00EF1967 /* Info.plist */ = {isa = PBXFileReference; lastKnownFileType = text.plist.xml; path = Info.plist; sourceTree = "<group>"; };
		F1AE542420E4CADD00EF1967 /* main.m */ = {isa = PBXFileReference; lastKnownFileType = sourcecode.c.objc; path = main.m; sourceTree = "<group>"; };
		F1AE542620E4CADD00EF1967 /* FastModel_Factory.entitlements */ = {isa = PBXFileReference; lastKnownFileType = text.plist.entitlements; path = FastModel_Factory.entitlements; sourceTree = "<group>"; };
/* End PBXFileReference section */

/* Begin PBXFrameworksBuildPhase section */
		F1AE541220E4CADC00EF1967 /* Frameworks */ = {
			isa = PBXFrameworksBuildPhase;
			buildActionMask = 2147483647;
			files = (
			);
			runOnlyForDeploymentPostprocessing = 0;
		};
/* End PBXFrameworksBuildPhase section */

/* Begin PBXGroup section */
		F1AE540C20E4CADC00EF1967 = {
			isa = PBXGroup;
			children = (
				F1AE541720E4CADC00EF1967 /* FastModel_Factory */,
				F1AE541620E4CADC00EF1967 /* Products */,
			);
			sourceTree = "<group>";
		};
		F1AE541620E4CADC00EF1967 /* Products */ = {
			isa = PBXGroup;
			children = (
				F1AE541520E4CADC00EF1967 /* FastModel_Factory.app */,
			);
			name = Products;
			sourceTree = "<group>";
		};
		F1AE541720E4CADC00EF1967 /* FastModel_Factory */ = {
			isa = PBXGroup;
			children = (
				F1AE541820E4CADC00EF1967 /* AppDelegate.h */,
				F1AE541920E4CADC00EF1967 /* AppDelegate.m */,
				F1AE541B20E4CADC00EF1967 /* ViewController.h */,
				F1AE541C20E4CADC00EF1967 /* ViewController.m */,
				F1AE541E20E4CADD00EF1967 /* Assets.xcassets */,
				F1AE542020E4CADD00EF1967 /* Main.storyboard */,
				F1AE542320E4CADD00EF1967 /* Info.plist */,
				F1AE542420E4CADD00EF1967 /* main.m */,
				F1AE542620E4CADD00EF1967 /* FastModel_Factory.entitlements */,
			);
			path = FastModel_Factory;
			sourceTree = "<group>";
		};
/* End PBXGroup section */

/* Begin PBXNativeTarget section */
		F1AE541420E4CADC00EF1967 /* FastModel_Factory */ = {
			isa = PBXNativeTarget;
			buildConfigurationList = F1AE542920E4CADD00EF1967 /* Build configuration list for PBXNativeTarget "FastModel_Factory" */;
			buildPhases = (
				F1AE541120E4CADC00EF1967 /* Sources */,
				F1AE541220E4CADC00EF1967 /* Frameworks */,
				F1AE541320E4CADC00EF1967 /* Resources */,
			);
			buildRules = (
			);
			dependencies = (
			);
			name = FastModel_Factory;
			productName = FastModel_Factory;
			productReference = F1AE541520E4CADC00EF1967 /* FastModel_Factory.app */;
			productType = "com.apple.product-type.application";
		};
/* End PBXNativeTarget section */

/* Begin PBXProject section */
		F1AE540D20E4CADC00EF1967 /* Project object */ = {
			isa = PBXProject;
			attributes = {
				LastUpgradeCheck = 0940;
				ORGANIZATIONNAME = "杨烁";
				TargetAttributes = {
					F1AE541420E4CADC00EF1967 = {
						CreatedOnToolsVersion = 9.4;
					};
				};
			};
			buildConfigurationList = F1AE541020E4CADC00EF1967 /* Build configuration list for PBXProject "FastModel_Factory" */;
			compatibilityVersion = "Xcode 9.3";
			developmentRegion = en;
			hasScannedForEncodings = 0;
			knownRegions = (
				en,
				Base,
			);
			mainGroup = F1AE540C20E4CADC00EF1967;
			productRefGroup = F1AE541620E4CADC00EF1967 /* Products */;
			projectDirPath = "";
			projectRoot = "";
			targets = (
				F1AE541420E4CADC00EF1967 /* FastModel_Factory */,
			);
		};
/* End PBXProject section */

/* Begin PBXResourcesBuildPhase section */
		F1AE541320E4CADC00EF1967 /* Resources */ = {
			isa = PBXResourcesBuildPhase;
			buildActionMask = 2147483647;
			files = (
				F1AE541F20E4CADD00EF1967 /* Assets.xcassets in Resources */,
				F1AE542220E4CADD00EF1967 /* Main.storyboard in Resources */,
			);
			runOnlyForDeploymentPostprocessing = 0;
		};
/* End PBXResourcesBuildPhase section */

/* Begin PBXSourcesBuildPhase section */
		F1AE541120E4CADC00EF1967 /* Sources */ = {
			isa = PBXSourcesBuildPhase;
			buildActionMask = 2147483647;
			files = (
				F1AE541D20E4CADC00EF1967 /* ViewController.m in Sources */,
				F1AE542520E4CADD00EF1967 /* main.m in Sources */,
				F1AE541A20E4CADC00EF1967 /* AppDelegate.m in Sources */,
			);
			runOnlyForDeploymentPostprocessing = 0;
		};
/* End PBXSourcesBuildPhase section */

/* Begin PBXVariantGroup section */
		F1AE542020E4CADD00EF1967 /* Main.storyboard */ = {
			isa = PBXVariantGroup;
			children = (
				F1AE542120E4CADD00EF1967 /* Base */,
			);
			name = Main.storyboard;
			sourceTree = "<group>";
		};
/* End PBXVariantGroup section */

/* Begin XCBuildConfiguration section */
		F1AE542720E4CADD00EF1967 /* Debug */ = {
			isa = XCBuildConfiguration;
			buildSettings = {
				ALWAYS_SEARCH_USER_PATHS = NO;
				CLANG_ANALYZER_NONNULL = YES;
				CLANG_ANALYZER_NUMBER_OBJECT_CONVERSION = YES_AGGRESSIVE;
				CLANG_CXX_LANGUAGE_STANDARD = "gnu++14";
				CLANG_CXX_LIBRARY = "libc++";
				CLANG_ENABLE_MODULES = YES;
				CLANG_ENABLE_OBJC_ARC = YES;
				CLANG_ENABLE_OBJC_WEAK = YES;
				CLANG_WARN_BLOCK_CAPTURE_AUTORELEASING = YES;
				CLANG_WARN_BOOL_CONVERSION = YES;
				CLANG_WARN_COMMA = YES;
				CLANG_WARN_CONSTANT_CONVERSION = YES;
				CLANG_WARN_DEPRECATED_OBJC_IMPLEMENTATIONS = YES;
				CLANG_WARN_DIRECT_OBJC_ISA_USAGE = YES_ERROR;
				CLANG_WARN_DOCUMENTATION_COMMENTS = YES;
				CLANG_WARN_EMPTY_BODY = YES;
				CLANG_WARN_ENUM_CONVERSION = YES;
				CLANG_WARN_INFINITE_RECURSION = YES;
				CLANG_WARN_INT_CONVERSION = YES;
				CLANG_WARN_NON_LITERAL_NULL_CONVERSION = YES;
				CLANG_WARN_OBJC_IMPLICIT_RETAIN_SELF = YES;
				CLANG_WARN_OBJC_LITERAL_CONVERSION = YES;
				CLANG_WARN_OBJC_ROOT_CLASS = YES_ERROR;
				CLANG_WARN_RANGE_LOOP_ANALYSIS = YES;
				CLANG_WARN_STRICT_PROTOTYPES = YES;
				CLANG_WARN_SUSPICIOUS_MOVE = YES;
				CLANG_WARN_UNGUARDED_AVAILABILITY = YES_AGGRESSIVE;
				CLANG_WARN_UNREACHABLE_CODE = YES;
				CLANG_WARN__DUPLICATE_METHOD_MATCH = YES;
				CODE_SIGN_IDENTITY = "Mac Developer";
				COPY_PHASE_STRIP = NO;
				DEBUG_INFORMATION_FORMAT = dwarf;
				ENABLE_STRICT_OBJC_MSGSEND = YES;
				ENABLE_TESTABILITY = YES;
				GCC_C_LANGUAGE_STANDARD = gnu11;
				GCC_DYNAMIC_NO_PIC = NO;
				GCC_NO_COMMON_BLOCKS = YES;
				GCC_OPTIMIZATION_LEVEL = 0;
				GCC_PREPROCESSOR_DEFINITIONS = (
					"DEBUG=1",
					"$(inherited)",
				);
				GCC_WARN_64_TO_32_BIT_CONVERSION = YES;
				GCC_WARN_ABOUT_RETURN_TYPE = YES_ERROR;
				GCC_WARN_UNDECLARED_SELECTOR = YES;
				GCC_WARN_UNINITIALIZED_AUTOS = YES_AGGRESSIVE;
				GCC_WARN_UNUSED_FUNCTION = YES;
				GCC_WARN_UNUSED_VARIABLE = YES;
				MACOSX_DEPLOYMENT_TARGET = 10.14;
				MTL_ENABLE_DEBUG_INFO = YES;
				ONLY_ACTIVE_ARCH = YES;
				SDKROOT = macosx;
			};
			name = Debug;
		};
		F1AE542820E4CADD00EF1967 /* Release */ = {
			isa = XCBuildConfiguration;
			buildSettings = {
				ALWAYS_SEARCH_USER_PATHS = NO;
				CLANG_ANALYZER_NONNULL = YES;
				CLANG_ANALYZER_NUMBER_OBJECT_CONVERSION = YES_AGGRESSIVE;
				CLANG_CXX_LANGUAGE_STANDARD = "gnu++14";
				CLANG_CXX_LIBRARY = "libc++";
				CLANG_ENABLE_MODULES = YES;
				CLANG_ENABLE_OBJC_ARC = YES;
				CLANG_ENABLE_OBJC_WEAK = YES;
				CLANG_WARN_BLOCK_CAPTURE_AUTORELEASING = YES;
				CLANG_WARN_BOOL_CONVERSION = YES;
				CLANG_WARN_COMMA = YES;
				CLANG_WARN_CONSTANT_CONVERSION = YES;
				CLANG_WARN_DEPRECATED_OBJC_IMPLEMENTATIONS = YES;
				CLANG_WARN_DIRECT_OBJC_ISA_USAGE = YES_ERROR;
				CLANG_WARN_DOCUMENTATION_COMMENTS = YES;
				CLANG_WARN_EMPTY_BODY = YES;
				CLANG_WARN_ENUM_CONVERSION = YES;
				CLANG_WARN_INFINITE_RECURSION = YES;
				CLANG_WARN_INT_CONVERSION = YES;
				CLANG_WARN_NON_LITERAL_NULL_CONVERSION = YES;
				CLANG_WARN_OBJC_IMPLICIT_RETAIN_SELF = YES;
				CLANG_WARN_OBJC_LITERAL_CONVERSION = YES;
				CLANG_WARN_OBJC_ROOT_CLASS = YES_ERROR;
				CLANG_WARN_RANGE_LOOP_ANALYSIS = YES;
				CLANG_WARN_STRICT_PROTOTYPES = YES;
				CLANG_WARN_SUSPICIOUS_MOVE = YES;
				CLANG_WARN_UNGUARDED_AVAILABILITY = YES_AGGRESSIVE;
				CLANG_WARN_UNREACHABLE_CODE = YES;
				CLANG_WARN__DUPLICATE_METHOD_MATCH = YES;
				CODE_SIGN_IDENTITY = "Mac Developer";
				COPY_PHASE_STRIP = NO;
				DEBUG_INFORMATION_FORMAT = "dwarf-with-dsym";
				ENABLE_NS_ASSERTIONS = NO;
				ENABLE_STRICT_OBJC_MSGSEND = YES;
				GCC_C_LANGUAGE_STANDARD = gnu11;
				GCC_NO_COMMON_BLOCKS = YES;
				GCC_WARN_64_TO_32_BIT_CONVERSION = YES;
				GCC_WARN_ABOUT_RETURN_TYPE = YES_ERROR;
				GCC_WARN_UNDECLARED_SELECTOR = YES;
				GCC_WARN_UNINITIALIZED_AUTOS = YES_AGGRESSIVE;
				GCC_WARN_UNUSED_FUNCTION = YES;
				GCC_WARN_UNUSED_VARIABLE = YES;
				MACOSX_DEPLOYMENT_TARGET = 10.14;
				MTL_ENABLE_DEBUG_INFO = NO;
				SDKROOT = macosx;
			};
			name = Release;
		};
		F1AE542A20E4CADD00EF1967 /* Debug */ = {
			isa = XCBuildConfiguration;
			buildSettings = {
				ASSETCATALOG_COMPILER_APPICON_NAME = AppIcon;
				CODE_SIGN_ENTITLEMENTS = FastModel_Factory/FastModel_Factory.entitlements;
				CODE_SIGN_STYLE = Automatic;
				COMBINE_HIDPI_IMAGES = YES;
				DEVELOPMENT_TEAM = NKTH3379KW;
				INFOPLIST_FILE = FastModel_Factory/Info.plist;
				LD_RUNPATH_SEARCH_PATHS = (
					"$(inherited)",
					"@executable_path/../Frameworks",
				);
				PRODUCT_BUNDLE_IDENTIFIER = "meetFresh.FastModel-Factory";
				PRODUCT_NAME = "$(TARGET_NAME)";
			};
			name = Debug;
		};
		F1AE542B20E4CADD00EF1967 /* Release */ = {
			isa = XCBuildConfiguration;
			buildSettings = {
				ASSETCATALOG_COMPILER_APPICON_NAME = AppIcon;
				CODE_SIGN_ENTITLEMENTS = FastModel_Factory/FastModel_Factory.entitlements;
				CODE_SIGN_STYLE = Automatic;
				COMBINE_HIDPI_IMAGES = YES;
				DEVELOPMENT_TEAM = NKTH3379KW;
				INFOPLIST_FILE = FastModel_Factory/Info.plist;
				LD_RUNPATH_SEARCH_PATHS = (
					"$(inherited)",
					"@executable_path/../Frameworks",
				);
				PRODUCT_BUNDLE_IDENTIFIER = "meetFresh.FastModel-Factory";
				PRODUCT_NAME = "$(TARGET_NAME)";
			};
			name = Release;
		};
/* End XCBuildConfiguration section */

/* Begin XCConfigurationList section */
		F1AE541020E4CADC00EF1967 /* Build configuration list for PBXProject "FastModel_Factory" */ = {
			isa = XCConfigurationList;
			buildConfigurations = (
				F1AE542720E4CADD00EF1967 /* Debug */,
				F1AE542820E4CADD00EF1967 /* Release */,
			);
			defaultConfigurationIsVisible = 0;
			defaultConfigurationName = Release;
		};
		F1AE542920E4CADD00EF1967 /* Build configuration list for PBXNativeTarget "FastModel_Factory" */ = {
			isa = XCConfigurationList;
			buildConfigurations = (
				F1AE542A20E4CADD00EF1967 /* Debug */,
				F1AE542B20E4CADD00EF1967 /* Release */,
			);
			defaultConfigurationIsVisible = 0;
			defaultConfigurationName = Release;
		};
/* End XCConfigurationList section */
	};
	rootObject = F1AE540D20E4CADC00EF1967 /* Project object */;
}
